# THIS IS AN AUTOGENERATED FILE. DO NOT EDIT THIS FILE DIRECTLY.
# yarn lockfile v1


ngx-spinner@^14.0.0:
  version "14.0.0"
  resolved "https://registry.yarnpkg.com/ngx-spinner/-/ngx-spinner-14.0.0.tgz#395c41be9bc5415f910cbe66aaa6995f0d5ab3b2"
  integrity sha512-rz7wRCW4L+eZStpWwKUZ8mW+1WWtVEs1DZLDT1DUx1v3k+pLh5BhoDzfF1YySxTqZX13I7pwl13urqzniQ/jXQ==
  dependencies:
    tslib "^2.3.0"

tslib@^2.3.0:
  version "2.4.0"
  resolved "https://registry.yarnpkg.com/tslib/-/tslib-2.4.0.tgz#7cecaa7f073ce680a05847aa77be941098f36dc3"
  integrity sha512-d6xOpEDfsi2CZVlPQzGeux8XMwLT9hssAsaPYExaQMuYskwb+x1x7J371tWlbBdWHroy99KnVB6qIkUbs5X3UQ==
